
Microsoft Visual Studio Solution File, Format Version 12.00
# Visual Studio Version 16
VisualStudioVersion = 16.0.32228.343
MinimumVisualStudioVersion = 10.0.40219.1
Project("{8BC9CEB8-8B4A-11D0-8D11-00A0C91BC942}") = "CPP_append", "CPP_append\CPP_append.vcxproj", "{21BC3D67-DF1D-4E89-80E1-A24C55AC5E2A}"
EndProject
Global
	GlobalSection(SolutionConfigurationPlatforms) = preSolution
		Debug|x64 = Debug|x64
		Debug|x86 = Debug|x86
		Release|x64 = Release|x64
		Release|x86 = Release|x86
	EndGlobalSection
	GlobalSection(ProjectConfigurationPlatforms) = postSolution
		{21BC3D67-DF1D-4E89-80E1-A24C55AC5E2A}.Debug|x64.ActiveCfg = Debug|x64
		{21BC3D67-DF1D-4E89-80E1-A24C55AC5E2A}.Debug|x64.Build.0 = Debug|x64
		{21BC3D67-DF1D-4E89-80E1-A24C55AC5E2A}.Debug|x86.ActiveCfg = Debug|Win32
		{21BC3D67-DF1D-4E89-80E1-A24C55AC5E2A}.Debug|x86.Build.0 = Debug|Win32
		{21BC3D67-DF1D-4E89-80E1-A24C55AC5E2A}.Release|x64.ActiveCfg = Release|x64
		{21BC3D67-DF1D-4E89-80E1-A24C55AC5E2A}.Release|x64.Build.0 = Release|x64
		{21BC3D67-DF1D-4E89-80E1-A24C55AC5E2A}.Release|x86.ActiveCfg = Release|Win32
		{21BC3D67-DF1D-4E89-80E1-A24C55AC5E2A}.Release|x86.Build.0 = Release|Win32
	EndGlobalSection
	GlobalSection(SolutionProperties) = preSolution
		HideSolutionNode = FALSE
	EndGlobalSection
	GlobalSection(ExtensibilityGlobals) = postSolution
		SolutionGuid = {D389AC3F-59E5-45B5-B7B0-66A7313BD31D}
	EndGlobalSection
EndGlobal
