
Microsoft Visual Studio Solution File, Format Version 12.00
# Visual Studio Version 16
VisualStudioVersion = 16.0.32228.343
MinimumVisualStudioVersion = 10.0.40219.1
Project("{8BC9CEB8-8B4A-11D0-8D11-00A0C91BC942}") = "CPP_iomanip", "CPP_iomanip\CPP_iomanip.vcxproj", "{BFDDFA1B-D10E-459C-8EA2-6225D82C2589}"
EndProject
Global
	GlobalSection(SolutionConfigurationPlatforms) = preSolution
		Debug|x64 = Debug|x64
		Debug|x86 = Debug|x86
		Release|x64 = Release|x64
		Release|x86 = Release|x86
	EndGlobalSection
	GlobalSection(ProjectConfigurationPlatforms) = postSolution
		{BFDDFA1B-D10E-459C-8EA2-6225D82C2589}.Debug|x64.ActiveCfg = Debug|x64
		{BFDDFA1B-D10E-459C-8EA2-6225D82C2589}.Debug|x64.Build.0 = Debug|x64
		{BFDDFA1B-D10E-459C-8EA2-6225D82C2589}.Debug|x86.ActiveCfg = Debug|Win32
		{BFDDFA1B-D10E-459C-8EA2-6225D82C2589}.Debug|x86.Build.0 = Debug|Win32
		{BFDDFA1B-D10E-459C-8EA2-6225D82C2589}.Release|x64.ActiveCfg = Release|x64
		{BFDDFA1B-D10E-459C-8EA2-6225D82C2589}.Release|x64.Build.0 = Release|x64
		{BFDDFA1B-D10E-459C-8EA2-6225D82C2589}.Release|x86.ActiveCfg = Release|Win32
		{BFDDFA1B-D10E-459C-8EA2-6225D82C2589}.Release|x86.Build.0 = Release|Win32
	EndGlobalSection
	GlobalSection(SolutionProperties) = preSolution
		HideSolutionNode = FALSE
	EndGlobalSection
	GlobalSection(ExtensibilityGlobals) = postSolution
		SolutionGuid = {355F49A7-F8E7-4672-888C-A5856E59E156}
	EndGlobalSection
EndGlobal
