
Microsoft Visual Studio Solution File, Format Version 12.00
# Visual Studio Version 16
VisualStudioVersion = 16.0.32228.343
MinimumVisualStudioVersion = 10.0.40219.1
Project("{8BC9CEB8-8B4A-11D0-8D11-00A0C91BC942}") = "CPP_strout", "CPP_strout\CPP_strout.vcxproj", "{90305E62-A7FC-4762-B785-FC59E79BB55E}"
EndProject
Global
	GlobalSection(SolutionConfigurationPlatforms) = preSolution
		Debug|x64 = Debug|x64
		Debug|x86 = Debug|x86
		Release|x64 = Release|x64
		Release|x86 = Release|x86
	EndGlobalSection
	GlobalSection(ProjectConfigurationPlatforms) = postSolution
		{90305E62-A7FC-4762-B785-FC59E79BB55E}.Debug|x64.ActiveCfg = Debug|x64
		{90305E62-A7FC-4762-B785-FC59E79BB55E}.Debug|x64.Build.0 = Debug|x64
		{90305E62-A7FC-4762-B785-FC59E79BB55E}.Debug|x86.ActiveCfg = Debug|Win32
		{90305E62-A7FC-4762-B785-FC59E79BB55E}.Debug|x86.Build.0 = Debug|Win32
		{90305E62-A7FC-4762-B785-FC59E79BB55E}.Release|x64.ActiveCfg = Release|x64
		{90305E62-A7FC-4762-B785-FC59E79BB55E}.Release|x64.Build.0 = Release|x64
		{90305E62-A7FC-4762-B785-FC59E79BB55E}.Release|x86.ActiveCfg = Release|Win32
		{90305E62-A7FC-4762-B785-FC59E79BB55E}.Release|x86.Build.0 = Release|Win32
	EndGlobalSection
	GlobalSection(SolutionProperties) = preSolution
		HideSolutionNode = FALSE
	EndGlobalSection
	GlobalSection(ExtensibilityGlobals) = postSolution
		SolutionGuid = {53760FA2-06E8-4536-8851-D1B467515331}
	EndGlobalSection
EndGlobal
